lockfileVersion: '6.0'

settings:
  autoInstallPeers: true
  excludeLinksFromLockfile: false

devDependencies:
  '@types/k6':
    specifier: 0.51.0
    version: 0.51.0

packages:

  /@types/k6@0.51.0:
    resolution: {integrity: sha512-xelcvFGPI4VYrV5ozADmRuFQBKmDqDRzxfHVuCDD1/firZiSQvTP0pntxHuYUSkRyL8I83kvABXUlnLYNT2VuA==}
    dev: true
